
Microsoft Visual Studio Solution File, Format Version 12.00
# Visual Studio 15
VisualStudioVersion = 15.0.28307.1062
MinimumVisualStudioVersion = 10.0.40219.1
Project("{FAE04EC0-301F-11D3-BF4B-00C04F79EFBC}") = "klsove vreme i chasove", "klsove vreme i chasove\klsove vreme i chasove.csproj", "{F05B3300-072A-4C95-83EB-F5459CEDE178}"
EndProject
Global
	GlobalSection(SolutionConfigurationPlatforms) = preSolution
		Debug|Any CPU = Debug|Any CPU
		Release|Any CPU = Release|Any CPU
	EndGlobalSection
	GlobalSection(ProjectConfigurationPlatforms) = postSolution
		{F05B3300-072A-4C95-83EB-F5459CEDE178}.Debug|Any CPU.ActiveCfg = Debug|Any CPU
		{F05B3300-072A-4C95-83EB-F5459CEDE178}.Debug|Any CPU.Build.0 = Debug|Any CPU
		{F05B3300-072A-4C95-83EB-F5459CEDE178}.Release|Any CPU.ActiveCfg = Release|Any CPU
		{F05B3300-072A-4C95-83EB-F5459CEDE178}.Release|Any CPU.Build.0 = Release|Any CPU
	EndGlobalSection
	GlobalSection(SolutionProperties) = preSolution
		HideSolutionNode = FALSE
	EndGlobalSection
	GlobalSection(ExtensibilityGlobals) = postSolution
		SolutionGuid = {CE13A3EB-48C8-4C62-93A7-BC53B89820CB}
	EndGlobalSection
EndGlobal
