
Microsoft Visual Studio Solution File, Format Version 12.00
# Visual Studio 15
VisualStudioVersion = 15.0.28307.1082
MinimumVisualStudioVersion = 10.0.40219.1
Project("{FAE04EC0-301F-11D3-BF4B-00C04F79EFBC}") = "masiv", "masiv\masiv.csproj", "{37F19F99-D3E6-4BE0-9480-39D1345D862A}"
EndProject
Global
	GlobalSection(SolutionConfigurationPlatforms) = preSolution
		Debug|Any CPU = Debug|Any CPU
		Release|Any CPU = Release|Any CPU
	EndGlobalSection
	GlobalSection(ProjectConfigurationPlatforms) = postSolution
		{37F19F99-D3E6-4BE0-9480-39D1345D862A}.Debug|Any CPU.ActiveCfg = Debug|Any CPU
		{37F19F99-D3E6-4BE0-9480-39D1345D862A}.Debug|Any CPU.Build.0 = Debug|Any CPU
		{37F19F99-D3E6-4BE0-9480-39D1345D862A}.Release|Any CPU.ActiveCfg = Release|Any CPU
		{37F19F99-D3E6-4BE0-9480-39D1345D862A}.Release|Any CPU.Build.0 = Release|Any CPU
	EndGlobalSection
	GlobalSection(SolutionProperties) = preSolution
		HideSolutionNode = FALSE
	EndGlobalSection
	GlobalSection(ExtensibilityGlobals) = postSolution
		SolutionGuid = {EA3476EB-7CB3-42D5-986E-FDBECD8380FB}
	EndGlobalSection
EndGlobal
